
Microsoft Visual Studio Solution File, Format Version 12.00
# Visual Studio Version 16
VisualStudioVersion = 16.0.31129.286
MinimumVisualStudioVersion = 10.0.40219.1
Project("{FAE04EC0-301F-11D3-BF4B-00C04F79EFBC}") = "PolyBool.Net.Examples", "PolyBool.Net.Examples\PolyBool.Net.Examples.csproj", "{673E2268-9BB0-4E9C-9948-395B80CFB5C9}"
EndProject
Project("{FAE04EC0-301F-11D3-BF4B-00C04F79EFBC}") = "Polybool.Net", "Polybool.Net\Polybool.Net.csproj", "{A2D1356B-0EC0-4DC7-BDBD-C5DF6F05C872}"
EndProject
Global
	GlobalSection(SolutionConfigurationPlatforms) = preSolution
		Debug|Any CPU = Debug|Any CPU
		Release|Any CPU = Release|Any CPU
	EndGlobalSection
	GlobalSection(ProjectConfigurationPlatforms) = postSolution
		{673E2268-9BB0-4E9C-9948-395B80CFB5C9}.Debug|Any CPU.ActiveCfg = Debug|Any CPU
		{673E2268-9BB0-4E9C-9948-395B80CFB5C9}.Debug|Any CPU.Build.0 = Debug|Any CPU
		{673E2268-9BB0-4E9C-9948-395B80CFB5C9}.Release|Any CPU.ActiveCfg = Release|Any CPU
		{673E2268-9BB0-4E9C-9948-395B80CFB5C9}.Release|Any CPU.Build.0 = Release|Any CPU
		{A2D1356B-0EC0-4DC7-BDBD-C5DF6F05C872}.Debug|Any CPU.ActiveCfg = Debug|Any CPU
		{A2D1356B-0EC0-4DC7-BDBD-C5DF6F05C872}.Debug|Any CPU.Build.0 = Debug|Any CPU
		{A2D1356B-0EC0-4DC7-BDBD-C5DF6F05C872}.Release|Any CPU.ActiveCfg = Release|Any CPU
		{A2D1356B-0EC0-4DC7-BDBD-C5DF6F05C872}.Release|Any CPU.Build.0 = Release|Any CPU
	EndGlobalSection
	GlobalSection(SolutionProperties) = preSolution
		HideSolutionNode = FALSE
	EndGlobalSection
	GlobalSection(ExtensibilityGlobals) = postSolution
		SolutionGuid = {399472D8-DB6C-4E09-912C-EA6D0D119B5D}
	EndGlobalSection
EndGlobal
