
Microsoft Visual Studio Solution File, Format Version 12.00
# Visual Studio 14
VisualStudioVersion = 14.0.25420.1
MinimumVisualStudioVersion = 10.0.40219.1
Project("{FAE04EC0-301F-11D3-BF4B-00C04F79EFBC}") = "Polybool.Net", "Polybool.Net\Polybool.Net.csproj", "{5FB7C719-BA44-48DA-8384-1796A5CF3FF6}"
EndProject
Project("{FAE04EC0-301F-11D3-BF4B-00C04F79EFBC}") = "PolyBool.Net.Examples", "PolyBool.Net.Examples\PolyBool.Net.Examples.csproj", "{673E2268-9BB0-4E9C-9948-395B80CFB5C9}"
EndProject
Global
	GlobalSection(SolutionConfigurationPlatforms) = preSolution
		Debug|Any CPU = Debug|Any CPU
		Release|Any CPU = Release|Any CPU
	EndGlobalSection
	GlobalSection(ProjectConfigurationPlatforms) = postSolution
		{5FB7C719-BA44-48DA-8384-1796A5CF3FF6}.Debug|Any CPU.ActiveCfg = Debug|Any CPU
		{5FB7C719-BA44-48DA-8384-1796A5CF3FF6}.Debug|Any CPU.Build.0 = Debug|Any CPU
		{5FB7C719-BA44-48DA-8384-1796A5CF3FF6}.Release|Any CPU.ActiveCfg = Release|Any CPU
		{5FB7C719-BA44-48DA-8384-1796A5CF3FF6}.Release|Any CPU.Build.0 = Release|Any CPU
		{673E2268-9BB0-4E9C-9948-395B80CFB5C9}.Debug|Any CPU.ActiveCfg = Debug|Any CPU
		{673E2268-9BB0-4E9C-9948-395B80CFB5C9}.Debug|Any CPU.Build.0 = Debug|Any CPU
		{673E2268-9BB0-4E9C-9948-395B80CFB5C9}.Release|Any CPU.ActiveCfg = Release|Any CPU
		{673E2268-9BB0-4E9C-9948-395B80CFB5C9}.Release|Any CPU.Build.0 = Release|Any CPU
	EndGlobalSection
	GlobalSection(SolutionProperties) = preSolution
		HideSolutionNode = FALSE
	EndGlobalSection
EndGlobal
